{
  "name": "serverless-chaos-demo-nodejs",
  "version": "1.0.0",
  "lockfileVersion": 1,
  "requires": true,
  "dependencies": {
    "failure-lambda": {
      "version": "0.4.0",
      "resolved": "https://registry.npmjs.org/failure-lambda/-/failure-lambda-0.4.0.tgz",
      "integrity": "sha512-MMFQ/Hb7OfZ92mpoGDw9dR2DRiPfyFmPrK9cxLDEZmg+PTqWEeBsyOqrdHhe5VQuYSPvaaQavocJtQdyJdnhUg==",
      "requires": {
        "mitm": "^1.7.1",
        "node-fetch": "^2.6.1"
      }
    },
    "mitm": {
      "version": "1.7.1",
      "resolved": "https://registry.npmjs.org/mitm/-/mitm-1.7.1.tgz",
      "integrity": "sha512-SX2qv5zz+MxjcgLxbByE+iZachquhDg9xlIuNd22L3h7auFEKS9DaBUTiKv+REx+ZOK//Fmk0S8MaPlXAEYfOg==",
      "requires": {
        "semver": ">= 5 < 6",
        "underscore": ">= 1.1.6 < 1.6"
      }
    },
    "node-fetch": {
      "version": "2.6.1",
      "resolved": "https://registry.npmjs.org/node-fetch/-/node-fetch-2.6.1.tgz",
      "integrity": "sha512-V4aYg89jEoVRxRb2fJdAg8FHvI7cEyYdVAh94HH0UIK8oJxUfkjlDQN9RbMx+bEjP7+ggMiFRprSti032Oipxw=="
    },
    "semver": {
      "version": "5.7.1",
      "resolved": "https://registry.npmjs.org/semver/-/semver-5.7.1.tgz",
      "integrity": "sha512-sauaDf/PZdVgrLTNYHRtpXa1iRiKcaebiKQ1BJdpQlWH2lCvexQdX55snPFyK7QzpudqbCI0qXFfOasHdyNDGQ=="
    },
    "underscore": {
      "version": "1.5.2",
      "resolved": "https://registry.npmjs.org/underscore/-/underscore-1.5.2.tgz",
      "integrity": "sha1-EzXF5PXm0zu7SwBrqMhqAPVW3gg="
    }
  }
}
